
Microsoft Visual Studio Solution File, Format Version 12.00
# Visual Studio 15
VisualStudioVersion = 15.0.27130.2027
MinimumVisualStudioVersion = 10.0.40219.1
Project("{FAE04EC0-301F-11D3-BF4B-00C04F79EFBC}") = "StudentSystem.Data", "StudentSystem.Data\StudentSystem.Data.csproj", "{1A332F6F-8A49-4F59-A00E-B491CF8E4EC5}"
EndProject
Project("{FAE04EC0-301F-11D3-BF4B-00C04F79EFBC}") = "StudentSystem.Interfaces", "StudentSystem.Interfaces\StudentSystem.Interfaces.csproj", "{6E695E10-F263-431F-92C0-11B7B66E8E0B}"
EndProject
Project("{FAE04EC0-301F-11D3-BF4B-00C04F79EFBC}") = "StudentSystem.BusinessServices", "StudentSystem.BusinessServices\StudentSystem.BusinessServices.csproj", "{926B6FB8-B277-4E3E-BCDC-8B2124CE4010}"
EndProject
Project("{FAE04EC0-301F-11D3-BF4B-00C04F79EFBC}") = "StudentSystem.Repository", "StudentSystem.Repository\StudentSystem.Repository.csproj", "{04AAE48B-C024-4399-8B1D-7CB40E293E35}"
EndProject
Project("{FAE04EC0-301F-11D3-BF4B-00C04F79EFBC}") = "TestApp", "TestApp\TestApp.csproj", "{5DF697A0-D966-4C27-B7F2-3117A185E03E}"
EndProject
Global
	GlobalSection(SolutionConfigurationPlatforms) = preSolution
		Debug|Any CPU = Debug|Any CPU
		Release|Any CPU = Release|Any CPU
	EndGlobalSection
	GlobalSection(ProjectConfigurationPlatforms) = postSolution
		{1A332F6F-8A49-4F59-A00E-B491CF8E4EC5}.Debug|Any CPU.ActiveCfg = Debug|Any CPU
		{1A332F6F-8A49-4F59-A00E-B491CF8E4EC5}.Debug|Any CPU.Build.0 = Debug|Any CPU
		{1A332F6F-8A49-4F59-A00E-B491CF8E4EC5}.Release|Any CPU.ActiveCfg = Release|Any CPU
		{1A332F6F-8A49-4F59-A00E-B491CF8E4EC5}.Release|Any CPU.Build.0 = Release|Any CPU
		{6E695E10-F263-431F-92C0-11B7B66E8E0B}.Debug|Any CPU.ActiveCfg = Debug|Any CPU
		{6E695E10-F263-431F-92C0-11B7B66E8E0B}.Debug|Any CPU.Build.0 = Debug|Any CPU
		{6E695E10-F263-431F-92C0-11B7B66E8E0B}.Release|Any CPU.ActiveCfg = Release|Any CPU
		{6E695E10-F263-431F-92C0-11B7B66E8E0B}.Release|Any CPU.Build.0 = Release|Any CPU
		{926B6FB8-B277-4E3E-BCDC-8B2124CE4010}.Debug|Any CPU.ActiveCfg = Debug|Any CPU
		{926B6FB8-B277-4E3E-BCDC-8B2124CE4010}.Debug|Any CPU.Build.0 = Debug|Any CPU
		{926B6FB8-B277-4E3E-BCDC-8B2124CE4010}.Release|Any CPU.ActiveCfg = Release|Any CPU
		{926B6FB8-B277-4E3E-BCDC-8B2124CE4010}.Release|Any CPU.Build.0 = Release|Any CPU
		{04AAE48B-C024-4399-8B1D-7CB40E293E35}.Debug|Any CPU.ActiveCfg = Debug|Any CPU
		{04AAE48B-C024-4399-8B1D-7CB40E293E35}.Debug|Any CPU.Build.0 = Debug|Any CPU
		{04AAE48B-C024-4399-8B1D-7CB40E293E35}.Release|Any CPU.ActiveCfg = Release|Any CPU
		{04AAE48B-C024-4399-8B1D-7CB40E293E35}.Release|Any CPU.Build.0 = Release|Any CPU
		{5DF697A0-D966-4C27-B7F2-3117A185E03E}.Debug|Any CPU.ActiveCfg = Debug|Any CPU
		{5DF697A0-D966-4C27-B7F2-3117A185E03E}.Debug|Any CPU.Build.0 = Debug|Any CPU
		{5DF697A0-D966-4C27-B7F2-3117A185E03E}.Release|Any CPU.ActiveCfg = Release|Any CPU
		{5DF697A0-D966-4C27-B7F2-3117A185E03E}.Release|Any CPU.Build.0 = Release|Any CPU
	EndGlobalSection
	GlobalSection(SolutionProperties) = preSolution
		HideSolutionNode = FALSE
	EndGlobalSection
	GlobalSection(ExtensibilityGlobals) = postSolution
		SolutionGuid = {82171D39-0D80-4091-BB57-A9693A5C4708}
	EndGlobalSection
EndGlobal
